
Microsoft Visual Studio Solution File, Format Version 12.00
# Visual Studio Version 17
VisualStudioVersion = 17.14.36301.6 d17.14
MinimumVisualStudioVersion = 10.0.40219.1
Project("{FAE04EC0-301F-11D3-BF4B-00C04F79EFBC}") = "MetaXPorterApp.Web", "MetaXPorterApp.Web\MetaXPorterApp.Web.csproj", "{2E820964-1DC2-4E23-9413-E8DC6B07242C}"
EndProject
Global
	GlobalSection(SolutionConfigurationPlatforms) = preSolution
		Debug|Any CPU = Debug|Any CPU
		Release|Any CPU = Release|Any CPU
	EndGlobalSection
	GlobalSection(ProjectConfigurationPlatforms) = postSolution
		{2E820964-1DC2-4E23-9413-E8DC6B07242C}.Debug|Any CPU.ActiveCfg = Debug|Any CPU
		{2E820964-1DC2-4E23-9413-E8DC6B07242C}.Debug|Any CPU.Build.0 = Debug|Any CPU
		{2E820964-1DC2-4E23-9413-E8DC6B07242C}.Release|Any CPU.ActiveCfg = Release|Any CPU
		{2E820964-1DC2-4E23-9413-E8DC6B07242C}.Release|Any CPU.Build.0 = Release|Any CPU
	EndGlobalSection
	GlobalSection(SolutionProperties) = preSolution
		HideSolutionNode = FALSE
	EndGlobalSection
	GlobalSection(ExtensibilityGlobals) = postSolution
		SolutionGuid = {719303ED-A643-4F15-B423-C524B577304A}
	EndGlobalSection
EndGlobal
